
Microsoft Visual Studio Solution File, Format Version 12.00
# Visual Studio Version 16
VisualStudioVersion = 16.0.32929.386
MinimumVisualStudioVersion = 10.0.40219.1
Project("{9A19103F-16F7-4668-BE54-9A1E7A4F7556}") = "Entities", "Entities\Entities.csproj", "{352CE184-AE27-4A5F-91B3-F6251DA219FE}"
EndProject
Project("{9A19103F-16F7-4668-BE54-9A1E7A4F7556}") = "DataAccess", "DataAccess\DataAccess.csproj", "{C8B4424E-C12F-450A-87BA-A5C9E176A2B2}"
EndProject
Project("{9A19103F-16F7-4668-BE54-9A1E7A4F7556}") = "Business", "Business\Business.csproj", "{671CBA10-57F3-4B47-B8A2-DF2E8D7CF7B9}"
EndProject
Project("{9A19103F-16F7-4668-BE54-9A1E7A4F7556}") = "ToDoWebApi", "ToDoWebApi\ToDoWebApi.csproj", "{860A2DCC-17BB-4CA5-BFF1-4FC78FA99383}"
EndProject
Project("{FAE04EC0-301F-11D3-BF4B-00C04F79EFBC}") = "Core", "Core\Core.csproj", "{C805BF22-FECA-4BA5-9E78-FC819DC75A6E}"
EndProject
Global
	GlobalSection(SolutionConfigurationPlatforms) = preSolution
		Debug|Any CPU = Debug|Any CPU
		Release|Any CPU = Release|Any CPU
	EndGlobalSection
	GlobalSection(ProjectConfigurationPlatforms) = postSolution
		{352CE184-AE27-4A5F-91B3-F6251DA219FE}.Debug|Any CPU.ActiveCfg = Debug|Any CPU
		{352CE184-AE27-4A5F-91B3-F6251DA219FE}.Debug|Any CPU.Build.0 = Debug|Any CPU
		{352CE184-AE27-4A5F-91B3-F6251DA219FE}.Release|Any CPU.ActiveCfg = Release|Any CPU
		{352CE184-AE27-4A5F-91B3-F6251DA219FE}.Release|Any CPU.Build.0 = Release|Any CPU
		{C8B4424E-C12F-450A-87BA-A5C9E176A2B2}.Debug|Any CPU.ActiveCfg = Debug|Any CPU
		{C8B4424E-C12F-450A-87BA-A5C9E176A2B2}.Debug|Any CPU.Build.0 = Debug|Any CPU
		{C8B4424E-C12F-450A-87BA-A5C9E176A2B2}.Release|Any CPU.ActiveCfg = Release|Any CPU
		{C8B4424E-C12F-450A-87BA-A5C9E176A2B2}.Release|Any CPU.Build.0 = Release|Any CPU
		{671CBA10-57F3-4B47-B8A2-DF2E8D7CF7B9}.Debug|Any CPU.ActiveCfg = Debug|Any CPU
		{671CBA10-57F3-4B47-B8A2-DF2E8D7CF7B9}.Debug|Any CPU.Build.0 = Debug|Any CPU
		{671CBA10-57F3-4B47-B8A2-DF2E8D7CF7B9}.Release|Any CPU.ActiveCfg = Release|Any CPU
		{671CBA10-57F3-4B47-B8A2-DF2E8D7CF7B9}.Release|Any CPU.Build.0 = Release|Any CPU
		{860A2DCC-17BB-4CA5-BFF1-4FC78FA99383}.Debug|Any CPU.ActiveCfg = Debug|Any CPU
		{860A2DCC-17BB-4CA5-BFF1-4FC78FA99383}.Debug|Any CPU.Build.0 = Debug|Any CPU
		{860A2DCC-17BB-4CA5-BFF1-4FC78FA99383}.Release|Any CPU.ActiveCfg = Release|Any CPU
		{860A2DCC-17BB-4CA5-BFF1-4FC78FA99383}.Release|Any CPU.Build.0 = Release|Any CPU
		{C805BF22-FECA-4BA5-9E78-FC819DC75A6E}.Debug|Any CPU.ActiveCfg = Debug|Any CPU
		{C805BF22-FECA-4BA5-9E78-FC819DC75A6E}.Debug|Any CPU.Build.0 = Debug|Any CPU
		{C805BF22-FECA-4BA5-9E78-FC819DC75A6E}.Release|Any CPU.ActiveCfg = Release|Any CPU
		{C805BF22-FECA-4BA5-9E78-FC819DC75A6E}.Release|Any CPU.Build.0 = Release|Any CPU
	EndGlobalSection
	GlobalSection(SolutionProperties) = preSolution
		HideSolutionNode = FALSE
	EndGlobalSection
	GlobalSection(ExtensibilityGlobals) = postSolution
		SolutionGuid = {52B28898-C664-48E7-89C8-ECAEF7F80E4A}
	EndGlobalSection
EndGlobal
